// !$*UTF8*$!
{
	archiveVersion = 1;
	classes = {
	};
	objectVersion = 74;
	objects = {

/* Begin PBXBuildFile section */
		AC2F15E72CA117DB000D9591 /* AppDelegate.swift in Sources */ = {isa = PBXBuildFile; fileRef = AC2F15E62CA117DB000D9591 /* AppDelegate.swift */; };
		AC82562D2CA483E200621A76 /* LaunchScreen.storyboard in Resources */ = {isa = PBXBuildFile; fileRef = AC82562C2CA483E200621A76 /* LaunchScreen.storyboard */; };
/* End PBXBuildFile section */

/* Begin PBXContainerItemProxy section */
		AC2F15FA2CA117DD000D9591 /* PBXContainerItemProxy */ = {
			isa = PBXContainerItemProxy;
			containerPortal = AC2F15DB2CA117DB000D9591 /* Project object */;
			proxyType = 1;
			remoteGlobalIDString = AC2F15E22CA117DB000D9591;
			remoteInfo = Visionary;
		};
		AC2F16042CA117DD000D9591 /* PBXContainerItemProxy */ = {
			isa = PBXContainerItemProxy;
			containerPortal = AC2F15DB2CA117DB000D9591 /* Project object */;
			proxyType = 1;
			remoteGlobalIDString = AC2F15E22CA117DB000D9591;
			remoteInfo = Visionary;
		};
/* End PBXContainerItemProxy section */

/* Begin PBXFileReference section */
		AC2F15E32CA117DB000D9591 /* Visionary.app */ = {isa = PBXFileReference; explicitFileType = wrapper.application; includeInIndex = 0; path = Visionary.app; sourceTree = BUILT_PRODUCTS_DIR; };
		AC2F15E62CA117DB000D9591 /* AppDelegate.swift */ = {isa = PBXFileReference; lastKnownFileType = sourcecode.swift; path = AppDelegate.swift; sourceTree = "<group>"; };
		AC2F15F92CA117DD000D9591 /* VisionaryTests.xctest */ = {isa = PBXFileReference; explicitFileType = wrapper.cfbundle; includeInIndex = 0; path = VisionaryTests.xctest; sourceTree = BUILT_PRODUCTS_DIR; };
		AC2F16032CA117DD000D9591 /* VisionaryUITests.xctest */ = {isa = PBXFileReference; explicitFileType = wrapper.cfbundle; includeInIndex = 0; path = VisionaryUITests.xctest; sourceTree = BUILT_PRODUCTS_DIR; };
		AC82562C2CA483E200621A76 /* LaunchScreen.storyboard */ = {isa = PBXFileReference; lastKnownFileType = file.storyboard; path = LaunchScreen.storyboard; sourceTree = "<group>"; };
/* End PBXFileReference section */

/* Begin PBXFileSystemSynchronizedBuildFileExceptionSet section */
		AC2F160B2CA117DD000D9591 /* PBXFileSystemSynchronizedBuildFileExceptionSet */ = {
			isa = PBXFileSystemSynchronizedBuildFileExceptionSet;
			membershipExceptions = (
				/Localized/LaunchScreen.storyboard,
				/Localized/Main.storyboard,
				Info.plist,
			);
			target = AC2F15E22CA117DB000D9591 /* Visionary */;
		};
/* End PBXFileSystemSynchronizedBuildFileExceptionSet section */

/* Begin PBXFileSystemSynchronizedGroupBuildPhaseMembershipExceptionSet section */
		AC2F160F2CA117DD000D9591 /* PBXFileSystemSynchronizedGroupBuildPhaseMembershipExceptionSet */ = {
			isa = PBXFileSystemSynchronizedGroupBuildPhaseMembershipExceptionSet;
			buildPhase = AC2F15E12CA117DB000D9591 /* Resources */;
			membershipExceptions = (
				Base.lproj/LaunchScreen.storyboard,
				Base.lproj/Main.storyboard,
			);
		};
/* End PBXFileSystemSynchronizedGroupBuildPhaseMembershipExceptionSet section */

/* Begin PBXFileSystemSynchronizedRootGroup section */
		AC2F15E52CA117DB000D9591 /* Visionary */ = {isa = PBXFileSystemSynchronizedRootGroup; exceptions = (AC2F160B2CA117DD000D9591 /* PBXFileSystemSynchronizedBuildFileExceptionSet */, AC2F160F2CA117DD000D9591 /* PBXFileSystemSynchronizedGroupBuildPhaseMembershipExceptionSet */, ); explicitFileTypes = {}; explicitFolders = (); path = Visionary; sourceTree = "<group>"; };
		AC2F15FC2CA117DD000D9591 /* VisionaryTests */ = {isa = PBXFileSystemSynchronizedRootGroup; explicitFileTypes = {}; explicitFolders = (); path = VisionaryTests; sourceTree = "<group>"; };
		AC2F16062CA117DD000D9591 /* VisionaryUITests */ = {isa = PBXFileSystemSynchronizedRootGroup; explicitFileTypes = {}; explicitFolders = (); path = VisionaryUITests; sourceTree = "<group>"; };
/* End PBXFileSystemSynchronizedRootGroup section */

/* Begin PBXFrameworksBuildPhase section */
		AC2F15E02CA117DB000D9591 /* Frameworks */ = {
			isa = PBXFrameworksBuildPhase;
			buildActionMask = 2147483647;
			files = (
			);
			runOnlyForDeploymentPostprocessing = 0;
		};
		AC2F15F62CA117DD000D9591 /* Frameworks */ = {
			isa = PBXFrameworksBuildPhase;
			buildActionMask = 2147483647;
			files = (
			);
			runOnlyForDeploymentPostprocessing = 0;
		};
		AC2F16002CA117DD000D9591 /* Frameworks */ = {
			isa = PBXFrameworksBuildPhase;
			buildActionMask = 2147483647;
			files = (
			);
			runOnlyForDeploymentPostprocessing = 0;
		};
/* End PBXFrameworksBuildPhase section */

/* Begin PBXGroup section */
		AC2F15DA2CA117DB000D9591 = {
			isa = PBXGroup;
			children = (
				AC82562C2CA483E200621A76 /* LaunchScreen.storyboard */,
				AC2F15E52CA117DB000D9591 /* Visionary */,
				AC2F15FC2CA117DD000D9591 /* VisionaryTests */,
				AC2F16062CA117DD000D9591 /* VisionaryUITests */,
				AC2F15E42CA117DB000D9591 /* Products */,
				AC2F15E62CA117DB000D9591 /* AppDelegate.swift */,
			);
			sourceTree = "<group>";
		};
		AC2F15E42CA117DB000D9591 /* Products */ = {
			isa = PBXGroup;
			children = (
				AC2F15E32CA117DB000D9591 /* Visionary.app */,
				AC2F15F92CA117DD000D9591 /* VisionaryTests.xctest */,
				AC2F16032CA117DD000D9591 /* VisionaryUITests.xctest */,
			);
			name = Products;
			sourceTree = "<group>";
		};
/* End PBXGroup section */

/* Begin PBXNativeTarget section */
		AC2F15E22CA117DB000D9591 /* Visionary */ = {
			isa = PBXNativeTarget;
			buildConfigurationList = AC2F160C2CA117DD000D9591 /* Build configuration list for PBXNativeTarget "Visionary" */;
			buildPhases = (
				AC2F15DF2CA117DB000D9591 /* Sources */,
				AC2F15E02CA117DB000D9591 /* Frameworks */,
				AC2F15E12CA117DB000D9591 /* Resources */,
			);
			buildRules = (
			);
			dependencies = (
			);
			fileSystemSynchronizedGroups = (
				AC2F15E52CA117DB000D9591 /* Visionary */,
			);
			name = Visionary;
			packageProductDependencies = (
			);
			productName = Visionary;
			productReference = AC2F15E32CA117DB000D9591 /* Visionary.app */;
			productType = "com.apple.product-type.application";
		};
		AC2F15F82CA117DD000D9591 /* VisionaryTests */ = {
			isa = PBXNativeTarget;
			buildConfigurationList = AC2F16122CA117DD000D9591 /* Build configuration list for PBXNativeTarget "VisionaryTests" */;
			buildPhases = (
				AC2F15F52CA117DD000D9591 /* Sources */,
				AC2F15F62CA117DD000D9591 /* Frameworks */,
				AC2F15F72CA117DD000D9591 /* Resources */,
			);
			buildRules = (
			);
			dependencies = (
				AC2F15FB2CA117DD000D9591 /* PBXTargetDependency */,
			);
			fileSystemSynchronizedGroups = (
				AC2F15FC2CA117DD000D9591 /* VisionaryTests */,
			);
			name = VisionaryTests;
			packageProductDependencies = (
			);
			productName = VisionaryTests;
			productReference = AC2F15F92CA117DD000D9591 /* VisionaryTests.xctest */;
			productType = "com.apple.product-type.bundle.unit-test";
		};
		AC2F16022CA117DD000D9591 /* VisionaryUITests */ = {
			isa = PBXNativeTarget;
			buildConfigurationList = AC2F16152CA117DD000D9591 /* Build configuration list for PBXNativeTarget "VisionaryUITests" */;
			buildPhases = (
				AC2F15FF2CA117DD000D9591 /* Sources */,
				AC2F16002CA117DD000D9591 /* Frameworks */,
				AC2F16012CA117DD000D9591 /* Resources */,
			);
			buildRules = (
			);
			dependencies = (
				AC2F16052CA117DD000D9591 /* PBXTargetDependency */,
			);
			fileSystemSynchronizedGroups = (
				AC2F16062CA117DD000D9591 /* VisionaryUITests */,
			);
			name = VisionaryUITests;
			packageProductDependencies = (
			);
			productName = VisionaryUITests;
			productReference = AC2F16032CA117DD000D9591 /* VisionaryUITests.xctest */;
			productType = "com.apple.product-type.bundle.ui-testing";
		};
/* End PBXNativeTarget section */

/* Begin PBXProject section */
		AC2F15DB2CA117DB000D9591 /* Project object */ = {
			isa = PBXProject;
			attributes = {
				BuildIndependentTargetsInParallel = 1;
				LastSwiftUpdateCheck = 1600;
				LastUpgradeCheck = 1600;
				TargetAttributes = {
					AC2F15E22CA117DB000D9591 = {
						CreatedOnToolsVersion = 16.0;
					};
					AC2F15F82CA117DD000D9591 = {
						CreatedOnToolsVersion = 16.0;
						TestTargetID = AC2F15E22CA117DB000D9591;
					};
					AC2F16022CA117DD000D9591 = {
						CreatedOnToolsVersion = 16.0;
						TestTargetID = AC2F15E22CA117DB000D9591;
					};
				};
			};
			buildConfigurationList = AC2F15DE2CA117DB000D9591 /* Build configuration list for PBXProject "Visionary" */;
			developmentRegion = en;
			hasScannedForEncodings = 0;
			knownRegions = (
				en,
				Base,
			);
			mainGroup = AC2F15DA2CA117DB000D9591;
			preferredProjectObjectVersion = 60;
			productRefGroup = AC2F15E42CA117DB000D9591 /* Products */;
			projectDirPath = "";
			projectRoot = "";
			targets = (
				AC2F15E22CA117DB000D9591 /* Visionary */,
				AC2F15F82CA117DD000D9591 /* VisionaryTests */,
				AC2F16022CA117DD000D9591 /* VisionaryUITests */,
			);
		};
/* End PBXProject section */

/* Begin PBXResourcesBuildPhase section */
		AC2F15E12CA117DB000D9591 /* Resources */ = {
			isa = PBXResourcesBuildPhase;
			buildActionMask = 2147483647;
			files = (
				AC82562D2CA483E200621A76 /* LaunchScreen.storyboard in Resources */,
			);
			runOnlyForDeploymentPostprocessing = 0;
		};
		AC2F15F72CA117DD000D9591 /* Resources */ = {
			isa = PBXResourcesBuildPhase;
			buildActionMask = 2147483647;
			files = (
			);
			runOnlyForDeploymentPostprocessing = 0;
		};
		AC2F16012CA117DD000D9591 /* Resources */ = {
			isa = PBXResourcesBuildPhase;
			buildActionMask = 2147483647;
			files = (
			);
			runOnlyForDeploymentPostprocessing = 0;
		};
/* End PBXResourcesBuildPhase section */

/* Begin PBXSourcesBuildPhase section */
		AC2F15DF2CA117DB000D9591 /* Sources */ = {
			isa = PBXSourcesBuildPhase;
			buildActionMask = 2147483647;
			files = (
				AC2F15E72CA117DB000D9591 /* AppDelegate.swift in Sources */,
			);
			runOnlyForDeploymentPostprocessing = 0;
		};
		AC2F15F52CA117DD000D9591 /* Sources */ = {
			isa = PBXSourcesBuildPhase;
			buildActionMask = 2147483647;
			files = (
			);
			runOnlyForDeploymentPostprocessing = 0;
		};
		AC2F15FF2CA117DD000D9591 /* Sources */ = {
			isa = PBXSourcesBuildPhase;
			buildActionMask = 2147483647;
			files = (
			);
			runOnlyForDeploymentPostprocessing = 0;
		};
/* End PBXSourcesBuildPhase section */

/* Begin PBXTargetDependency section */
		AC2F15FB2CA117DD000D9591 /* PBXTargetDependency */ = {
			isa = PBXTargetDependency;
			target = AC2F15E22CA117DB000D9591 /* Visionary */;
			targetProxy = AC2F15FA2CA117DD000D9591 /* PBXContainerItemProxy */;
		};
		AC2F16052CA117DD000D9591 /* PBXTargetDependency */ = {
			isa = PBXTargetDependency;
			target = AC2F15E22CA117DB000D9591 /* Visionary */;
			targetProxy = AC2F16042CA117DD000D9591 /* PBXContainerItemProxy */;
		};
/* End PBXTargetDependency section */

/* Begin XCBuildConfiguration section */
		AC2F160D2CA117DD000D9591 /* Debug */ = {
			isa = XCBuildConfiguration;
			buildSettings = {
				ASSETCATALOG_COMPILER_APPICON_NAME = AppIcon;
				ASSETCATALOG_COMPILER_GLOBAL_ACCENT_COLOR_NAME = AccentColor;
				CODE_SIGN_STYLE = Automatic;
				CURRENT_PROJECT_VERSION = 1;
				DEVELOPMENT_TEAM = JT5MW7599Q;
				GENERATE_INFOPLIST_FILE = YES;
				INFOPLIST_FILE = Visionary/Info.plist;
				INFOPLIST_KEY_LSApplicationCategoryType = "public.app-category.video";
				INFOPLIST_KEY_UIApplicationSupportsIndirectInputEvents = YES;
				INFOPLIST_KEY_UILaunchStoryboardName = LaunchScreen;
				INFOPLIST_KEY_UIMainStoryboardFile = Main;
				INFOPLIST_KEY_UISupportedInterfaceOrientations = "UIInterfaceOrientationLandscapeLeft UIInterfaceOrientationLandscapeRight";
				IPHONEOS_DEPLOYMENT_TARGET = 14.0;
				LD_RUNPATH_SEARCH_PATHS = (
					"$(inherited)",
					"@executable_path/Frameworks",
				);
				MARKETING_VERSION = "Pre-pre-release";
				PRODUCT_BUNDLE_IDENTIFIER = "-75-Productions.Visionary";
				PRODUCT_NAME = "$(TARGET_NAME)";
				SUPPORTED_PLATFORMS = "appletvos appletvsimulator iphoneos iphonesimulator";
				SUPPORTS_MACCATALYST = NO;
				SUPPORTS_MAC_DESIGNED_FOR_IPHONE_IPAD = NO;
				SWIFT_EMIT_LOC_STRINGS = YES;
				SWIFT_VERSION = 5.0;
				TARGETED_DEVICE_FAMILY = "2,3";
				TVOS_DEPLOYMENT_TARGET = 14.0;
			};
			name = Debug;
		};
		AC2F160E2CA117DD000D9591 /* Release */ = {
			isa = XCBuildConfiguration;
			buildSettings = {
				ASSETCATALOG_COMPILER_APPICON_NAME = AppIcon;
				ASSETCATALOG_COMPILER_GLOBAL_ACCENT_COLOR_NAME = AccentColor;
				CODE_SIGN_STYLE = Automatic;
				CURRENT_PROJECT_VERSION = 1;
				DEVELOPMENT_TEAM = JT5MW7599Q;
				GENERATE_INFOPLIST_FILE = YES;
				INFOPLIST_FILE = Visionary/Info.plist;
				INFOPLIST_KEY_LSApplicationCategoryType = "public.app-category.video";
				INFOPLIST_KEY_UIApplicationSupportsIndirectInputEvents = YES;
				INFOPLIST_KEY_UILaunchStoryboardName = LaunchScreen;
				INFOPLIST_KEY_UIMainStoryboardFile = Main;
				INFOPLIST_KEY_UISupportedInterfaceOrientations = "UIInterfaceOrientationLandscapeLeft UIInterfaceOrientationLandscapeRight";
				IPHONEOS_DEPLOYMENT_TARGET = 14.0;
				LD_RUNPATH_SEARCH_PATHS = (
					"$(inherited)",
					"@executable_path/Frameworks",
				);
				MARKETING_VERSION = "Pre-pre-release";
				PRODUCT_BUNDLE_IDENTIFIER = "-75-Productions.Visionary";
				PRODUCT_NAME = "$(TARGET_NAME)";
				SUPPORTED_PLATFORMS = "appletvos appletvsimulator iphoneos iphonesimulator";
				SUPPORTS_MACCATALYST = NO;
				SUPPORTS_MAC_DESIGNED_FOR_IPHONE_IPAD = NO;
				SWIFT_EMIT_LOC_STRINGS = YES;
				SWIFT_VERSION = 5.0;
				TARGETED_DEVICE_FAMILY = "2,3";
				TVOS_DEPLOYMENT_TARGET = 14.0;
			};
			name = Release;
		};
		AC2F16102CA117DD000D9591 /* Debug */ = {
			isa = XCBuildConfiguration;
			buildSettings = {
				ALWAYS_SEARCH_USER_PATHS = NO;
				ASSETCATALOG_COMPILER_GENERATE_SWIFT_ASSET_SYMBOL_EXTENSIONS = YES;
				CLANG_ANALYZER_NONNULL = YES;
				CLANG_ANALYZER_NUMBER_OBJECT_CONVERSION = YES_AGGRESSIVE;
				CLANG_CXX_LANGUAGE_STANDARD = "gnu++20";
				CLANG_ENABLE_MODULES = YES;
				CLANG_ENABLE_OBJC_ARC = YES;
				CLANG_ENABLE_OBJC_WEAK = YES;
				CLANG_WARN_BLOCK_CAPTURE_AUTORELEASING = YES;
				CLANG_WARN_BOOL_CONVERSION = YES;
				CLANG_WARN_COMMA = YES;
				CLANG_WARN_CONSTANT_CONVERSION = YES;
				CLANG_WARN_DEPRECATED_OBJC_IMPLEMENTATIONS = YES;
				CLANG_WARN_DIRECT_OBJC_ISA_USAGE = YES_ERROR;
				CLANG_WARN_DOCUMENTATION_COMMENTS = YES;
				CLANG_WARN_EMPTY_BODY = YES;
				CLANG_WARN_ENUM_CONVERSION = YES;
				CLANG_WARN_INFINITE_RECURSION = YES;
				CLANG_WARN_INT_CONVERSION = YES;
				CLANG_WARN_NON_LITERAL_NULL_CONVERSION = YES;
				CLANG_WARN_OBJC_IMPLICIT_RETAIN_SELF = YES;
				CLANG_WARN_OBJC_LITERAL_CONVERSION = YES;
				CLANG_WARN_OBJC_ROOT_CLASS = YES_ERROR;
				CLANG_WARN_QUOTED_INCLUDE_IN_FRAMEWORK_HEADER = YES;
				CLANG_WARN_RANGE_LOOP_ANALYSIS = YES;
				CLANG_WARN_STRICT_PROTOTYPES = YES;
				CLANG_WARN_SUSPICIOUS_MOVE = YES;
				CLANG_WARN_UNGUARDED_AVAILABILITY = YES_AGGRESSIVE;
				CLANG_WARN_UNREACHABLE_CODE = YES;
				CLANG_WARN__DUPLICATE_METHOD_MATCH = YES;
				COPY_PHASE_STRIP = NO;
				DEBUG_INFORMATION_FORMAT = dwarf;
				ENABLE_STRICT_OBJC_MSGSEND = YES;
				ENABLE_TESTABILITY = YES;
				ENABLE_USER_SCRIPT_SANDBOXING = YES;
				GCC_C_LANGUAGE_STANDARD = gnu17;
				GCC_DYNAMIC_NO_PIC = NO;
				GCC_NO_COMMON_BLOCKS = YES;
				GCC_OPTIMIZATION_LEVEL = 0;
				GCC_PREPROCESSOR_DEFINITIONS = (
					"DEBUG=1",
					"$(inherited)",
				);
				GCC_WARN_64_TO_32_BIT_CONVERSION = YES;
				GCC_WARN_ABOUT_RETURN_TYPE = YES_ERROR;
				GCC_WARN_UNDECLARED_SELECTOR = YES;
				GCC_WARN_UNINITIALIZED_AUTOS = YES_AGGRESSIVE;
				GCC_WARN_UNUSED_FUNCTION = YES;
				GCC_WARN_UNUSED_VARIABLE = YES;
				IPHONEOS_DEPLOYMENT_TARGET = 18.0;
				LOCALIZATION_PREFERS_STRING_CATALOGS = YES;
				MTL_ENABLE_DEBUG_INFO = INCLUDE_SOURCE;
				MTL_FAST_MATH = YES;
				ONLY_ACTIVE_ARCH = YES;
				SDKROOT = iphoneos;
				SWIFT_ACTIVE_COMPILATION_CONDITIONS = "DEBUG $(inherited)";
				SWIFT_OPTIMIZATION_LEVEL = "-Onone";
			};
			name = Debug;
		};
		AC2F16112CA117DD000D9591 /* Release */ = {
			isa = XCBuildConfiguration;
			buildSettings = {
				ALWAYS_SEARCH_USER_PATHS = NO;
				ASSETCATALOG_COMPILER_GENERATE_SWIFT_ASSET_SYMBOL_EXTENSIONS = YES;
				CLANG_ANALYZER_NONNULL = YES;
				CLANG_ANALYZER_NUMBER_OBJECT_CONVERSION = YES_AGGRESSIVE;
				CLANG_CXX_LANGUAGE_STANDARD = "gnu++20";
				CLANG_ENABLE_MODULES = YES;
				CLANG_ENABLE_OBJC_ARC = YES;
				CLANG_ENABLE_OBJC_WEAK = YES;
				CLANG_WARN_BLOCK_CAPTURE_AUTORELEASING = YES;
				CLANG_WARN_BOOL_CONVERSION = YES;
				CLANG_WARN_COMMA = YES;
				CLANG_WARN_CONSTANT_CONVERSION = YES;
				CLANG_WARN_DEPRECATED_OBJC_IMPLEMENTATIONS = YES;
				CLANG_WARN_DIRECT_OBJC_ISA_USAGE = YES_ERROR;
				CLANG_WARN_DOCUMENTATION_COMMENTS = YES;
				CLANG_WARN_EMPTY_BODY = YES;
				CLANG_WARN_ENUM_CONVERSION = YES;
				CLANG_WARN_INFINITE_RECURSION = YES;
				CLANG_WARN_INT_CONVERSION = YES;
				CLANG_WARN_NON_LITERAL_NULL_CONVERSION = YES;
				CLANG_WARN_OBJC_IMPLICIT_RETAIN_SELF = YES;
				CLANG_WARN_OBJC_LITERAL_CONVERSION = YES;
				CLANG_WARN_OBJC_ROOT_CLASS = YES_ERROR;
				CLANG_WARN_QUOTED_INCLUDE_IN_FRAMEWORK_HEADER = YES;
				CLANG_WARN_RANGE_LOOP_ANALYSIS = YES;
				CLANG_WARN_STRICT_PROTOTYPES = YES;
				CLANG_WARN_SUSPICIOUS_MOVE = YES;
				CLANG_WARN_UNGUARDED_AVAILABILITY = YES_AGGRESSIVE;
				CLANG_WARN_UNREACHABLE_CODE = YES;
				CLANG_WARN__DUPLICATE_METHOD_MATCH = YES;
				COPY_PHASE_STRIP = NO;
				DEBUG_INFORMATION_FORMAT = "dwarf-with-dsym";
				ENABLE_NS_ASSERTIONS = NO;
				ENABLE_STRICT_OBJC_MSGSEND = YES;
				ENABLE_USER_SCRIPT_SANDBOXING = YES;
				GCC_C_LANGUAGE_STANDARD = gnu17;
				GCC_NO_COMMON_BLOCKS = YES;
				GCC_WARN_64_TO_32_BIT_CONVERSION = YES;
				GCC_WARN_ABOUT_RETURN_TYPE = YES_ERROR;
				GCC_WARN_UNDECLARED_SELECTOR = YES;
				GCC_WARN_UNINITIALIZED_AUTOS = YES_AGGRESSIVE;
				GCC_WARN_UNUSED_FUNCTION = YES;
				GCC_WARN_UNUSED_VARIABLE = YES;
				IPHONEOS_DEPLOYMENT_TARGET = 18.0;
				LOCALIZATION_PREFERS_STRING_CATALOGS = YES;
				MTL_ENABLE_DEBUG_INFO = NO;
				MTL_FAST_MATH = YES;
				SDKROOT = iphoneos;
				SWIFT_COMPILATION_MODE = wholemodule;
				VALIDATE_PRODUCT = YES;
			};
			name = Release;
		};
		AC2F16132CA117DD000D9591 /* Debug */ = {
			isa = XCBuildConfiguration;
			buildSettings = {
				BUNDLE_LOADER = "$(TEST_HOST)";
				CODE_SIGN_STYLE = Automatic;
				CURRENT_PROJECT_VERSION = 1;
				DEVELOPMENT_TEAM = JT5MW7599Q;
				GENERATE_INFOPLIST_FILE = YES;
				IPHONEOS_DEPLOYMENT_TARGET = 18.0;
				MARKETING_VERSION = 1.0;
				PRODUCT_BUNDLE_IDENTIFIER = "-75-Productions.VisionaryTests";
				PRODUCT_NAME = "$(TARGET_NAME)";
				SWIFT_EMIT_LOC_STRINGS = NO;
				SWIFT_VERSION = 5.0;
				TARGETED_DEVICE_FAMILY = "1,2";
				TEST_HOST = "$(BUILT_PRODUCTS_DIR)/Visionary.app/$(BUNDLE_EXECUTABLE_FOLDER_PATH)/Visionary";
			};
			name = Debug;
		};
		AC2F16142CA117DD000D9591 /* Release */ = {
			isa = XCBuildConfiguration;
			buildSettings = {
				BUNDLE_LOADER = "$(TEST_HOST)";
				CODE_SIGN_STYLE = Automatic;
				CURRENT_PROJECT_VERSION = 1;
				DEVELOPMENT_TEAM = JT5MW7599Q;
				GENERATE_INFOPLIST_FILE = YES;
				IPHONEOS_DEPLOYMENT_TARGET = 18.0;
				MARKETING_VERSION = 1.0;
				PRODUCT_BUNDLE_IDENTIFIER = "-75-Productions.VisionaryTests";
				PRODUCT_NAME = "$(TARGET_NAME)";
				SWIFT_EMIT_LOC_STRINGS = NO;
				SWIFT_VERSION = 5.0;
				TARGETED_DEVICE_FAMILY = "1,2";
				TEST_HOST = "$(BUILT_PRODUCTS_DIR)/Visionary.app/$(BUNDLE_EXECUTABLE_FOLDER_PATH)/Visionary";
			};
			name = Release;
		};
		AC2F16162CA117DD000D9591 /* Debug */ = {
			isa = XCBuildConfiguration;
			buildSettings = {
				CODE_SIGN_STYLE = Automatic;
				CURRENT_PROJECT_VERSION = 1;
				DEVELOPMENT_TEAM = JT5MW7599Q;
				GENERATE_INFOPLIST_FILE = YES;
				MARKETING_VERSION = 1.0;
				PRODUCT_BUNDLE_IDENTIFIER = "-75-Productions.VisionaryUITests";
				PRODUCT_NAME = "$(TARGET_NAME)";
				SWIFT_EMIT_LOC_STRINGS = NO;
				SWIFT_VERSION = 5.0;
				TARGETED_DEVICE_FAMILY = "1,2";
				TEST_TARGET_NAME = Visionary;
			};
			name = Debug;
		};
		AC2F16172CA117DD000D9591 /* Release */ = {
			isa = XCBuildConfiguration;
			buildSettings = {
				CODE_SIGN_STYLE = Automatic;
				CURRENT_PROJECT_VERSION = 1;
				DEVELOPMENT_TEAM = JT5MW7599Q;
				GENERATE_INFOPLIST_FILE = YES;
				MARKETING_VERSION = 1.0;
				PRODUCT_BUNDLE_IDENTIFIER = "-75-Productions.VisionaryUITests";
				PRODUCT_NAME = "$(TARGET_NAME)";
				SWIFT_EMIT_LOC_STRINGS = NO;
				SWIFT_VERSION = 5.0;
				TARGETED_DEVICE_FAMILY = "1,2";
				TEST_TARGET_NAME = Visionary;
			};
			name = Release;
		};
/* End XCBuildConfiguration section */

/* Begin XCConfigurationList section */
		AC2F15DE2CA117DB000D9591 /* Build configuration list for PBXProject "Visionary" */ = {
			isa = XCConfigurationList;
			buildConfigurations = (
				AC2F16102CA117DD000D9591 /* Debug */,
				AC2F16112CA117DD000D9591 /* Release */,
			);
			defaultConfigurationIsVisible = 0;
			defaultConfigurationName = Release;
		};
		AC2F160C2CA117DD000D9591 /* Build configuration list for PBXNativeTarget "Visionary" */ = {
			isa = XCConfigurationList;
			buildConfigurations = (
				AC2F160D2CA117DD000D9591 /* Debug */,
				AC2F160E2CA117DD000D9591 /* Release */,
			);
			defaultConfigurationIsVisible = 0;
			defaultConfigurationName = Release;
		};
		AC2F16122CA117DD000D9591 /* Build configuration list for PBXNativeTarget "VisionaryTests" */ = {
			isa = XCConfigurationList;
			buildConfigurations = (
				AC2F16132CA117DD000D9591 /* Debug */,
				AC2F16142CA117DD000D9591 /* Release */,
			);
			defaultConfigurationIsVisible = 0;
			defaultConfigurationName = Release;
		};
		AC2F16152CA117DD000D9591 /* Build configuration list for PBXNativeTarget "VisionaryUITests" */ = {
			isa = XCConfigurationList;
			buildConfigurations = (
				AC2F16162CA117DD000D9591 /* Debug */,
				AC2F16172CA117DD000D9591 /* Release */,
			);
			defaultConfigurationIsVisible = 0;
			defaultConfigurationName = Release;
		};
/* End XCConfigurationList section */
	};
	rootObject = AC2F15DB2CA117DB000D9591 /* Project object */;
}
